
Microsoft Visual Studio Solution File, Format Version 12.00
# Visual Studio Version 16
VisualStudioVersion = 16.0.31129.286
MinimumVisualStudioVersion = 10.0.40219.1
Project("{9A19103F-16F7-4668-BE54-9A1E7A4F7556}") = "AtividadeDotNet", "AtividadeDotNet.csproj", "{2EF25C5A-0A11-4CFD-A60C-4B251493458E}"
EndProject
Project("{FAE04EC0-301F-11D3-BF4B-00C04F79EFBC}") = "AtividadeDotNetTeste", "..\AtividadeDotNetTeste\AtividadeDotNetTeste.csproj", "{D8136C69-9CC9-4618-93B7-2D08CF76C7B1}"
EndProject
Global
	GlobalSection(SolutionConfigurationPlatforms) = preSolution
		Debug|Any CPU = Debug|Any CPU
		Release|Any CPU = Release|Any CPU
	EndGlobalSection
	GlobalSection(ProjectConfigurationPlatforms) = postSolution
		{2EF25C5A-0A11-4CFD-A60C-4B251493458E}.Debug|Any CPU.ActiveCfg = Debug|Any CPU
		{2EF25C5A-0A11-4CFD-A60C-4B251493458E}.Debug|Any CPU.Build.0 = Debug|Any CPU
		{2EF25C5A-0A11-4CFD-A60C-4B251493458E}.Release|Any CPU.ActiveCfg = Release|Any CPU
		{2EF25C5A-0A11-4CFD-A60C-4B251493458E}.Release|Any CPU.Build.0 = Release|Any CPU
		{D8136C69-9CC9-4618-93B7-2D08CF76C7B1}.Debug|Any CPU.ActiveCfg = Debug|Any CPU
		{D8136C69-9CC9-4618-93B7-2D08CF76C7B1}.Debug|Any CPU.Build.0 = Debug|Any CPU
		{D8136C69-9CC9-4618-93B7-2D08CF76C7B1}.Release|Any CPU.ActiveCfg = Release|Any CPU
		{D8136C69-9CC9-4618-93B7-2D08CF76C7B1}.Release|Any CPU.Build.0 = Release|Any CPU
	EndGlobalSection
	GlobalSection(SolutionProperties) = preSolution
		HideSolutionNode = FALSE
	EndGlobalSection
	GlobalSection(ExtensibilityGlobals) = postSolution
		SolutionGuid = {C3A25A05-41CA-47B6-B863-0F58851A64C8}
	EndGlobalSection
EndGlobal
